// !$*UTF8*$!
{
	archiveVersion = 1;
	classes = {
	};
	objectVersion = 56;
	objects = {

/* Begin PBXBuildFile section */
		5FDBEFD329E5805F00C3B2F0 /* AppDelegate.swift in Sources */ = {isa = PBXBuildFile; fileRef = 5FDBEFD229E5805F00C3B2F0 /* AppDelegate.swift */; };
		5FDBEFD529E5805F00C3B2F0 /* SceneDelegate.swift in Sources */ = {isa = PBXBuildFile; fileRef = 5FDBEFD429E5805F00C3B2F0 /* SceneDelegate.swift */; };
		5FDBEFD729E5805F00C3B2F0 /* ViewController.swift in Sources */ = {isa = PBXBuildFile; fileRef = 5FDBEFD629E5805F00C3B2F0 /* ViewController.swift */; };
		5FDBEFDA29E5805F00C3B2F0 /* Main.storyboard in Resources */ = {isa = PBXBuildFile; fileRef = 5FDBEFD829E5805F00C3B2F0 /* Main.storyboard */; };
		5FDBEFDC29E5805F00C3B2F0 /* Assets.xcassets in Resources */ = {isa = PBXBuildFile; fileRef = 5FDBEFDB29E5805F00C3B2F0 /* Assets.xcassets */; };
		5FDBEFDF29E5805F00C3B2F0 /* LaunchScreen.storyboard in Resources */ = {isa = PBXBuildFile; fileRef = 5FDBEFDD29E5805F00C3B2F0 /* LaunchScreen.storyboard */; };
		5FDBEFE729E5810000C3B2F0 /* reinhardColorTransfer.swift in Sources */ = {isa = PBXBuildFile; fileRef = 5FDBEFE629E5810000C3B2F0 /* reinhardColorTransfer.swift */; };
		5FDBEFEA29E5816100C3B2F0 /* CIImage+Extension.swift in Sources */ = {isa = PBXBuildFile; fileRef = 5FDBEFE929E5816100C3B2F0 /* CIImage+Extension.swift */; };
/* End PBXBuildFile section */

/* Begin PBXFileReference section */
		5FDBEFCF29E5805F00C3B2F0 /* lono-color-tint-test.app */ = {isa = PBXFileReference; explicitFileType = wrapper.application; includeInIndex = 0; path = "lono-color-tint-test.app"; sourceTree = BUILT_PRODUCTS_DIR; };
		5FDBEFD229E5805F00C3B2F0 /* AppDelegate.swift */ = {isa = PBXFileReference; lastKnownFileType = sourcecode.swift; path = AppDelegate.swift; sourceTree = "<group>"; };
		5FDBEFD429E5805F00C3B2F0 /* SceneDelegate.swift */ = {isa = PBXFileReference; lastKnownFileType = sourcecode.swift; path = SceneDelegate.swift; sourceTree = "<group>"; };
		5FDBEFD629E5805F00C3B2F0 /* ViewController.swift */ = {isa = PBXFileReference; lastKnownFileType = sourcecode.swift; path = ViewController.swift; sourceTree = "<group>"; };
		5FDBEFD929E5805F00C3B2F0 /* Base */ = {isa = PBXFileReference; lastKnownFileType = file.storyboard; name = Base; path = Base.lproj/Main.storyboard; sourceTree = "<group>"; };
		5FDBEFDB29E5805F00C3B2F0 /* Assets.xcassets */ = {isa = PBXFileReference; lastKnownFileType = folder.assetcatalog; path = Assets.xcassets; sourceTree = "<group>"; };
		5FDBEFDE29E5805F00C3B2F0 /* Base */ = {isa = PBXFileReference; lastKnownFileType = file.storyboard; name = Base; path = Base.lproj/LaunchScreen.storyboard; sourceTree = "<group>"; };
		5FDBEFE029E5805F00C3B2F0 /* Info.plist */ = {isa = PBXFileReference; lastKnownFileType = text.plist.xml; path = Info.plist; sourceTree = "<group>"; };
		5FDBEFE629E5810000C3B2F0 /* reinhardColorTransfer.swift */ = {isa = PBXFileReference; lastKnownFileType = sourcecode.swift; path = reinhardColorTransfer.swift; sourceTree = "<group>"; };
		5FDBEFE929E5816100C3B2F0 /* CIImage+Extension.swift */ = {isa = PBXFileReference; lastKnownFileType = sourcecode.swift; path = "CIImage+Extension.swift"; sourceTree = "<group>"; };
/* End PBXFileReference section */

/* Begin PBXFrameworksBuildPhase section */
		5FDBEFCC29E5805F00C3B2F0 /* Frameworks */ = {
			isa = PBXFrameworksBuildPhase;
			buildActionMask = 2147483647;
			files = (
			);
			runOnlyForDeploymentPostprocessing = 0;
		};
/* End PBXFrameworksBuildPhase section */

/* Begin PBXGroup section */
		5FDBEFC629E5805F00C3B2F0 = {
			isa = PBXGroup;
			children = (
				5FDBEFD129E5805F00C3B2F0 /* lono-color-tint-test */,
				5FDBEFD029E5805F00C3B2F0 /* Products */,
			);
			sourceTree = "<group>";
		};
		5FDBEFD029E5805F00C3B2F0 /* Products */ = {
			isa = PBXGroup;
			children = (
				5FDBEFCF29E5805F00C3B2F0 /* lono-color-tint-test.app */,
			);
			name = Products;
			sourceTree = "<group>";
		};
		5FDBEFD129E5805F00C3B2F0 /* lono-color-tint-test */ = {
			isa = PBXGroup;
			children = (
				5FDBEFD229E5805F00C3B2F0 /* AppDelegate.swift */,
				5FDBEFD429E5805F00C3B2F0 /* SceneDelegate.swift */,
				5FDBEFD629E5805F00C3B2F0 /* ViewController.swift */,
				5FDBEFE629E5810000C3B2F0 /* reinhardColorTransfer.swift */,
				5FDBEFE929E5816100C3B2F0 /* CIImage+Extension.swift */,
				5FDBEFD829E5805F00C3B2F0 /* Main.storyboard */,
				5FDBEFDB29E5805F00C3B2F0 /* Assets.xcassets */,
				5FDBEFDD29E5805F00C3B2F0 /* LaunchScreen.storyboard */,
				5FDBEFE029E5805F00C3B2F0 /* Info.plist */,
			);
			path = "lono-color-tint-test";
			sourceTree = "<group>";
		};
/* End PBXGroup section */

/* Begin PBXNativeTarget section */
		5FDBEFCE29E5805F00C3B2F0 /* lono-color-tint-test */ = {
			isa = PBXNativeTarget;
			buildConfigurationList = 5FDBEFE329E5805F00C3B2F0 /* Build configuration list for PBXNativeTarget "lono-color-tint-test" */;
			buildPhases = (
				5FDBEFCB29E5805F00C3B2F0 /* Sources */,
				5FDBEFCC29E5805F00C3B2F0 /* Frameworks */,
				5FDBEFCD29E5805F00C3B2F0 /* Resources */,
			);
			buildRules = (
			);
			dependencies = (
			);
			name = "lono-color-tint-test";
			productName = "lono-color-tint-test";
			productReference = 5FDBEFCF29E5805F00C3B2F0 /* lono-color-tint-test.app */;
			productType = "com.apple.product-type.application";
		};
/* End PBXNativeTarget section */

/* Begin PBXProject section */
		5FDBEFC729E5805F00C3B2F0 /* Project object */ = {
			isa = PBXProject;
			attributes = {
				BuildIndependentTargetsInParallel = 1;
				LastSwiftUpdateCheck = 1430;
				LastUpgradeCheck = 1430;
				TargetAttributes = {
					5FDBEFCE29E5805F00C3B2F0 = {
						CreatedOnToolsVersion = 14.3;
					};
				};
			};
			buildConfigurationList = 5FDBEFCA29E5805F00C3B2F0 /* Build configuration list for PBXProject "lono-color-tint-test" */;
			compatibilityVersion = "Xcode 14.0";
			developmentRegion = en;
			hasScannedForEncodings = 0;
			knownRegions = (
				en,
				Base,
			);
			mainGroup = 5FDBEFC629E5805F00C3B2F0;
			productRefGroup = 5FDBEFD029E5805F00C3B2F0 /* Products */;
			projectDirPath = "";
			projectRoot = "";
			targets = (
				5FDBEFCE29E5805F00C3B2F0 /* lono-color-tint-test */,
			);
		};
/* End PBXProject section */

/* Begin PBXResourcesBuildPhase section */
		5FDBEFCD29E5805F00C3B2F0 /* Resources */ = {
			isa = PBXResourcesBuildPhase;
			buildActionMask = 2147483647;
			files = (
				5FDBEFDF29E5805F00C3B2F0 /* LaunchScreen.storyboard in Resources */,
				5FDBEFDC29E5805F00C3B2F0 /* Assets.xcassets in Resources */,
				5FDBEFDA29E5805F00C3B2F0 /* Main.storyboard in Resources */,
			);
			runOnlyForDeploymentPostprocessing = 0;
		};
/* End PBXResourcesBuildPhase section */

/* Begin PBXSourcesBuildPhase section */
		5FDBEFCB29E5805F00C3B2F0 /* Sources */ = {
			isa = PBXSourcesBuildPhase;
			buildActionMask = 2147483647;
			files = (
				5FDBEFD729E5805F00C3B2F0 /* ViewController.swift in Sources */,
				5FDBEFD329E5805F00C3B2F0 /* AppDelegate.swift in Sources */,
				5FDBEFEA29E5816100C3B2F0 /* CIImage+Extension.swift in Sources */,
				5FDBEFD529E5805F00C3B2F0 /* SceneDelegate.swift in Sources */,
				5FDBEFE729E5810000C3B2F0 /* reinhardColorTransfer.swift in Sources */,
			);
			runOnlyForDeploymentPostprocessing = 0;
		};
/* End PBXSourcesBuildPhase section */

/* Begin PBXVariantGroup section */
		5FDBEFD829E5805F00C3B2F0 /* Main.storyboard */ = {
			isa = PBXVariantGroup;
			children = (
				5FDBEFD929E5805F00C3B2F0 /* Base */,
			);
			name = Main.storyboard;
			sourceTree = "<group>";
		};
		5FDBEFDD29E5805F00C3B2F0 /* LaunchScreen.storyboard */ = {
			isa = PBXVariantGroup;
			children = (
				5FDBEFDE29E5805F00C3B2F0 /* Base */,
			);
			name = LaunchScreen.storyboard;
			sourceTree = "<group>";
		};
/* End PBXVariantGroup section */

/* Begin XCBuildConfiguration section */
		5FDBEFE129E5805F00C3B2F0 /* Debug */ = {
			isa = XCBuildConfiguration;
			buildSettings = {
				ALWAYS_SEARCH_USER_PATHS = NO;
				CLANG_ANALYZER_NONNULL = YES;
				CLANG_ANALYZER_NUMBER_OBJECT_CONVERSION = YES_AGGRESSIVE;
				CLANG_CXX_LANGUAGE_STANDARD = "gnu++20";
				CLANG_ENABLE_MODULES = YES;
				CLANG_ENABLE_OBJC_ARC = YES;
				CLANG_ENABLE_OBJC_WEAK = YES;
				CLANG_WARN_BLOCK_CAPTURE_AUTORELEASING = YES;
				CLANG_WARN_BOOL_CONVERSION = YES;
				CLANG_WARN_COMMA = YES;
				CLANG_WARN_CONSTANT_CONVERSION = YES;
				CLANG_WARN_DEPRECATED_OBJC_IMPLEMENTATIONS = YES;
				CLANG_WARN_DIRECT_OBJC_ISA_USAGE = YES_ERROR;
				CLANG_WARN_DOCUMENTATION_COMMENTS = YES;
				CLANG_WARN_EMPTY_BODY = YES;
				CLANG_WARN_ENUM_CONVERSION = YES;
				CLANG_WARN_INFINITE_RECURSION = YES;
				CLANG_WARN_INT_CONVERSION = YES;
				CLANG_WARN_NON_LITERAL_NULL_CONVERSION = YES;
				CLANG_WARN_OBJC_IMPLICIT_RETAIN_SELF = YES;
				CLANG_WARN_OBJC_LITERAL_CONVERSION = YES;
				CLANG_WARN_OBJC_ROOT_CLASS = YES_ERROR;
				CLANG_WARN_QUOTED_INCLUDE_IN_FRAMEWORK_HEADER = YES;
				CLANG_WARN_RANGE_LOOP_ANALYSIS = YES;
				CLANG_WARN_STRICT_PROTOTYPES = YES;
				CLANG_WARN_SUSPICIOUS_MOVE = YES;
				CLANG_WARN_UNGUARDED_AVAILABILITY = YES_AGGRESSIVE;
				CLANG_WARN_UNREACHABLE_CODE = YES;
				CLANG_WARN__DUPLICATE_METHOD_MATCH = YES;
				COPY_PHASE_STRIP = NO;
				DEBUG_INFORMATION_FORMAT = dwarf;
				ENABLE_STRICT_OBJC_MSGSEND = YES;
				ENABLE_TESTABILITY = YES;
				GCC_C_LANGUAGE_STANDARD = gnu11;
				GCC_DYNAMIC_NO_PIC = NO;
				GCC_NO_COMMON_BLOCKS = YES;
				GCC_OPTIMIZATION_LEVEL = 0;
				GCC_PREPROCESSOR_DEFINITIONS = (
					"DEBUG=1",
					"$(inherited)",
				);
				GCC_WARN_64_TO_32_BIT_CONVERSION = YES;
				GCC_WARN_ABOUT_RETURN_TYPE = YES_ERROR;
				GCC_WARN_UNDECLARED_SELECTOR = YES;
				GCC_WARN_UNINITIALIZED_AUTOS = YES_AGGRESSIVE;
				GCC_WARN_UNUSED_FUNCTION = YES;
				GCC_WARN_UNUSED_VARIABLE = YES;
				IPHONEOS_DEPLOYMENT_TARGET = 16.4;
				MTL_ENABLE_DEBUG_INFO = INCLUDE_SOURCE;
				MTL_FAST_MATH = YES;
				ONLY_ACTIVE_ARCH = YES;
				SDKROOT = iphoneos;
				SWIFT_ACTIVE_COMPILATION_CONDITIONS = DEBUG;
				SWIFT_OPTIMIZATION_LEVEL = "-Onone";
			};
			name = Debug;
		};
		5FDBEFE229E5805F00C3B2F0 /* Release */ = {
			isa = XCBuildConfiguration;
			buildSettings = {
				ALWAYS_SEARCH_USER_PATHS = NO;
				CLANG_ANALYZER_NONNULL = YES;
				CLANG_ANALYZER_NUMBER_OBJECT_CONVERSION = YES_AGGRESSIVE;
				CLANG_CXX_LANGUAGE_STANDARD = "gnu++20";
				CLANG_ENABLE_MODULES = YES;
				CLANG_ENABLE_OBJC_ARC = YES;
				CLANG_ENABLE_OBJC_WEAK = YES;
				CLANG_WARN_BLOCK_CAPTURE_AUTORELEASING = YES;
				CLANG_WARN_BOOL_CONVERSION = YES;
				CLANG_WARN_COMMA = YES;
				CLANG_WARN_CONSTANT_CONVERSION = YES;
				CLANG_WARN_DEPRECATED_OBJC_IMPLEMENTATIONS = YES;
				CLANG_WARN_DIRECT_OBJC_ISA_USAGE = YES_ERROR;
				CLANG_WARN_DOCUMENTATION_COMMENTS = YES;
				CLANG_WARN_EMPTY_BODY = YES;
				CLANG_WARN_ENUM_CONVERSION = YES;
				CLANG_WARN_INFINITE_RECURSION = YES;
				CLANG_WARN_INT_CONVERSION = YES;
				CLANG_WARN_NON_LITERAL_NULL_CONVERSION = YES;
				CLANG_WARN_OBJC_IMPLICIT_RETAIN_SELF = YES;
				CLANG_WARN_OBJC_LITERAL_CONVERSION = YES;
				CLANG_WARN_OBJC_ROOT_CLASS = YES_ERROR;
				CLANG_WARN_QUOTED_INCLUDE_IN_FRAMEWORK_HEADER = YES;
				CLANG_WARN_RANGE_LOOP_ANALYSIS = YES;
				CLANG_WARN_STRICT_PROTOTYPES = YES;
				CLANG_WARN_SUSPICIOUS_MOVE = YES;
				CLANG_WARN_UNGUARDED_AVAILABILITY = YES_AGGRESSIVE;
				CLANG_WARN_UNREACHABLE_CODE = YES;
				CLANG_WARN__DUPLICATE_METHOD_MATCH = YES;
				COPY_PHASE_STRIP = NO;
				DEBUG_INFORMATION_FORMAT = "dwarf-with-dsym";
				ENABLE_NS_ASSERTIONS = NO;
				ENABLE_STRICT_OBJC_MSGSEND = YES;
				GCC_C_LANGUAGE_STANDARD = gnu11;
				GCC_NO_COMMON_BLOCKS = YES;
				GCC_WARN_64_TO_32_BIT_CONVERSION = YES;
				GCC_WARN_ABOUT_RETURN_TYPE = YES_ERROR;
				GCC_WARN_UNDECLARED_SELECTOR = YES;
				GCC_WARN_UNINITIALIZED_AUTOS = YES_AGGRESSIVE;
				GCC_WARN_UNUSED_FUNCTION = YES;
				GCC_WARN_UNUSED_VARIABLE = YES;
				IPHONEOS_DEPLOYMENT_TARGET = 16.4;
				MTL_ENABLE_DEBUG_INFO = NO;
				MTL_FAST_MATH = YES;
				SDKROOT = iphoneos;
				SWIFT_COMPILATION_MODE = wholemodule;
				SWIFT_OPTIMIZATION_LEVEL = "-O";
				VALIDATE_PRODUCT = YES;
			};
			name = Release;
		};
		5FDBEFE429E5805F00C3B2F0 /* Debug */ = {
			isa = XCBuildConfiguration;
			buildSettings = {
				ASSETCATALOG_COMPILER_APPICON_NAME = AppIcon;
				ASSETCATALOG_COMPILER_GLOBAL_ACCENT_COLOR_NAME = AccentColor;
				CODE_SIGN_STYLE = Automatic;
				CURRENT_PROJECT_VERSION = 1;
				DEVELOPMENT_TEAM = M6AUDK278U;
				GENERATE_INFOPLIST_FILE = YES;
				INFOPLIST_FILE = "lono-color-tint-test/Info.plist";
				INFOPLIST_KEY_UIApplicationSupportsIndirectInputEvents = YES;
				INFOPLIST_KEY_UILaunchStoryboardName = LaunchScreen;
				INFOPLIST_KEY_UIMainStoryboardFile = Main;
				INFOPLIST_KEY_UISupportedInterfaceOrientations_iPad = "UIInterfaceOrientationPortrait UIInterfaceOrientationPortraitUpsideDown UIInterfaceOrientationLandscapeLeft UIInterfaceOrientationLandscapeRight";
				INFOPLIST_KEY_UISupportedInterfaceOrientations_iPhone = "UIInterfaceOrientationPortrait UIInterfaceOrientationLandscapeLeft UIInterfaceOrientationLandscapeRight";
				LD_RUNPATH_SEARCH_PATHS = (
					"$(inherited)",
					"@executable_path/Frameworks",
				);
				MARKETING_VERSION = 1.0;
				PRODUCT_BUNDLE_IDENTIFIER = "com.other.lono-color-tint-test";
				PRODUCT_NAME = "$(TARGET_NAME)";
				SWIFT_EMIT_LOC_STRINGS = YES;
				SWIFT_VERSION = 5.0;
				TARGETED_DEVICE_FAMILY = "1,2";
			};
			name = Debug;
		};
		5FDBEFE529E5805F00C3B2F0 /* Release */ = {
			isa = XCBuildConfiguration;
			buildSettings = {
				ASSETCATALOG_COMPILER_APPICON_NAME = AppIcon;
				ASSETCATALOG_COMPILER_GLOBAL_ACCENT_COLOR_NAME = AccentColor;
				CODE_SIGN_STYLE = Automatic;
				CURRENT_PROJECT_VERSION = 1;
				DEVELOPMENT_TEAM = M6AUDK278U;
				GENERATE_INFOPLIST_FILE = YES;
				INFOPLIST_FILE = "lono-color-tint-test/Info.plist";
				INFOPLIST_KEY_UIApplicationSupportsIndirectInputEvents = YES;
				INFOPLIST_KEY_UILaunchStoryboardName = LaunchScreen;
				INFOPLIST_KEY_UIMainStoryboardFile = Main;
				INFOPLIST_KEY_UISupportedInterfaceOrientations_iPad = "UIInterfaceOrientationPortrait UIInterfaceOrientationPortraitUpsideDown UIInterfaceOrientationLandscapeLeft UIInterfaceOrientationLandscapeRight";
				INFOPLIST_KEY_UISupportedInterfaceOrientations_iPhone = "UIInterfaceOrientationPortrait UIInterfaceOrientationLandscapeLeft UIInterfaceOrientationLandscapeRight";
				LD_RUNPATH_SEARCH_PATHS = (
					"$(inherited)",
					"@executable_path/Frameworks",
				);
				MARKETING_VERSION = 1.0;
				PRODUCT_BUNDLE_IDENTIFIER = "com.other.lono-color-tint-test";
				PRODUCT_NAME = "$(TARGET_NAME)";
				SWIFT_EMIT_LOC_STRINGS = YES;
				SWIFT_VERSION = 5.0;
				TARGETED_DEVICE_FAMILY = "1,2";
			};
			name = Release;
		};
/* End XCBuildConfiguration section */

/* Begin XCConfigurationList section */
		5FDBEFCA29E5805F00C3B2F0 /* Build configuration list for PBXProject "lono-color-tint-test" */ = {
			isa = XCConfigurationList;
			buildConfigurations = (
				5FDBEFE129E5805F00C3B2F0 /* Debug */,
				5FDBEFE229E5805F00C3B2F0 /* Release */,
			);
			defaultConfigurationIsVisible = 0;
			defaultConfigurationName = Release;
		};
		5FDBEFE329E5805F00C3B2F0 /* Build configuration list for PBXNativeTarget "lono-color-tint-test" */ = {
			isa = XCConfigurationList;
			buildConfigurations = (
				5FDBEFE429E5805F00C3B2F0 /* Debug */,
				5FDBEFE529E5805F00C3B2F0 /* Release */,
			);
			defaultConfigurationIsVisible = 0;
			defaultConfigurationName = Release;
		};
/* End XCConfigurationList section */
	};
	rootObject = 5FDBEFC729E5805F00C3B2F0 /* Project object */;
}
